
Microsoft Visual Studio Solution File, Format Version 12.00
# Visual Studio Version 17
VisualStudioVersion = 17.3.32825.248
MinimumVisualStudioVersion = 10.0.40219.1
Project("{FAE04EC0-301F-11D3-BF4B-00C04F79EFBC}") = "Proxy", "Proxy\Proxy.csproj", "{319338D9-74E4-4BFA-9FFE-87E44266C484}"
EndProject
Global
	GlobalSection(SolutionConfigurationPlatforms) = preSolution
		Debug|Any CPU = Debug|Any CPU
		Release|Any CPU = Release|Any CPU
	EndGlobalSection
	GlobalSection(ProjectConfigurationPlatforms) = postSolution
		{319338D9-74E4-4BFA-9FFE-87E44266C484}.Debug|Any CPU.ActiveCfg = Debug|Any CPU
		{319338D9-74E4-4BFA-9FFE-87E44266C484}.Debug|Any CPU.Build.0 = Debug|Any CPU
		{319338D9-74E4-4BFA-9FFE-87E44266C484}.Release|Any CPU.ActiveCfg = Release|Any CPU
		{319338D9-74E4-4BFA-9FFE-87E44266C484}.Release|Any CPU.Build.0 = Release|Any CPU
	EndGlobalSection
	GlobalSection(SolutionProperties) = preSolution
		HideSolutionNode = FALSE
	EndGlobalSection
	GlobalSection(ExtensibilityGlobals) = postSolution
		SolutionGuid = {04C819EF-3454-438B-BBB1-DFD9AEDC1302}
	EndGlobalSection
EndGlobal
